{
  "nodes": {
    "alejandra": {
      "inputs": {
        "fenix": "fenix",
        "flakeCompat": "flakeCompat",
        "nixpkgs": [
          "nixpkgs"
        ]
      },
      "locked": {
        "lastModified": 1744324181,
        "narHash": "sha256-Oi1n2ncF4/AWeY6X55o2FddIRICokbciqFYK64XorYk=",
        "owner": "kamadorueda",
        "repo": "alejandra",
        "rev": "3e2a85506627062313e131bf8a85315f3387c8e0",
        "type": "github"
      },
      "original": {
        "owner": "kamadorueda",
        "ref": "4.0.0",
        "repo": "alejandra",
        "type": "github"
      }
    },
    "catppuccin": {
      "inputs": {
        "nixpkgs": "nixpkgs"
      },
      "locked": {
        "lastModified": 1768256610,
        "narHash": "sha256-IyL6nZo242nDLoLQVwkqAZXp8FO5kBfjL6Fuh+gZO10=",
        "owner": "catppuccin",
        "repo": "nix",
        "rev": "0734ad8c91342df34f1a1e5c183d053d70ba87c7",
        "type": "github"
      },
      "original": {
        "owner": "catppuccin",
        "ref": "release-25.11",
        "repo": "nix",
        "type": "github"
      }
    },
    "fenix": {
      "inputs": {
        "nixpkgs": [
          "alejandra",
          "nixpkgs"
        ],
        "rust-analyzer-src": "rust-analyzer-src"
      },
      "locked": {
        "lastModified": 1730615655,
        "narHash": "sha256-2HBR3zLn57LXKNRtxBb+O+uDqHM4n0pz51rPayMl4cg=",
        "owner": "nix-community",
        "repo": "fenix",
        "rev": "efeb50e2535b17ffd4a135e6e3e5fd60a525180c",
        "type": "github"
      },
      "original": {
        "owner": "nix-community",
        "repo": "fenix",
        "type": "github"
      }
    },
    "flakeCompat": {
      "flake": false,
      "locked": {
        "lastModified": 1696426674,
        "narHash": "sha256-kvjfFW7WAETZlt09AgDn1MrtKzP7t90Vf7vypd3OL1U=",
        "owner": "edolstra",
        "repo": "flake-compat",
        "rev": "0f9255e01c2351cc7d116c072cb317785dd33b33",
        "type": "github"
      },
      "original": {
        "owner": "edolstra",
        "repo": "flake-compat",
        "type": "github"
      }
    },
    "home-manager": {
      "inputs": {
        "nixpkgs": [
          "nixpkgs"
        ]
      },
      "locked": {
        "lastModified": 1770260404,
        "narHash": "sha256-3iVX1+7YUIt23hBx1WZsUllhbmP2EnXrV8tCRbLxHc8=",
        "owner": "nix-community",
        "repo": "home-manager",
        "rev": "0d782ee42c86b196acff08acfbf41bb7d13eed5b",
        "type": "github"
      },
      "original": {
        "owner": "nix-community",
        "ref": "release-25.11",
        "repo": "home-manager",
        "type": "github"
      }
    },
    "nixpkgs": {
      "locked": {
        "lastModified": 1764521362,
        "narHash": "sha256-M101xMtWdF1eSD0xhiR8nG8CXRlHmv6V+VoY65Smwf4=",
        "owner": "NixOS",
        "repo": "nixpkgs",
        "rev": "871b9fd269ff6246794583ce4ee1031e1da71895",
        "type": "github"
      },
      "original": {
        "owner": "NixOS",
        "ref": "25.11",
        "repo": "nixpkgs",
        "type": "github"
      }
    },
    "nixpkgs_2": {
      "locked": {
        "lastModified": 1770464364,
        "narHash": "sha256-z5NJPSBwsLf/OfD8WTmh79tlSU8XgIbwmk6qB1/TFzY=",
        "owner": "nixos",
        "repo": "nixpkgs",
        "rev": "23d72dabcb3b12469f57b37170fcbc1789bd7457",
        "type": "github"
      },
      "original": {
        "owner": "nixos",
        "ref": "nixos-25.11",
        "repo": "nixpkgs",
        "type": "github"
      }
    },
    "root": {
      "inputs": {
        "alejandra": "alejandra",
        "catppuccin": "catppuccin",
        "home-manager": "home-manager",
        "nixpkgs": "nixpkgs_2"
      }
    },
    "rust-analyzer-src": {
      "flake": false,
      "locked": {
        "lastModified": 1730555913,
        "narHash": "sha256-KNHZUlqsEibg3YtfUyOFQSofP8hp1HKoY+laoesBxRM=",
        "owner": "rust-lang",
        "repo": "rust-analyzer",
        "rev": "f17a5bbfd0969ba2e63a74505a80e55ecb174ed9",
        "type": "github"
      },
      "original": {
        "owner": "rust-lang",
        "ref": "nightly",
        "repo": "rust-analyzer",
        "type": "github"
      }
    }
  },
  "root": "root",
  "version": 7
}
